
Microsoft Visual Studio Solution File, Format Version 12.00
# Visual Studio Version 16
VisualStudioVersion = 16.0.30320.27
MinimumVisualStudioVersion = 10.0.40219.1
Project("{9A19103F-16F7-4668-BE54-9A1E7A4F7556}") = "Task1", "Task1\Task1.csproj", "{F12D1278-E302-4BE9-ADD1-A59E12847BA2}"
EndProject
Project("{9A19103F-16F7-4668-BE54-9A1E7A4F7556}") = "Task2", "Task2\Task2.csproj", "{8FE53AF8-E855-4DFD-9C33-D239AAC885A1}"
EndProject
Project("{9A19103F-16F7-4668-BE54-9A1E7A4F7556}") = "Task3", "Task3\Task3.csproj", "{490E9E08-BA08-4286-A170-A4B83B17DF99}"
EndProject
Project("{9A19103F-16F7-4668-BE54-9A1E7A4F7556}") = "Task4", "Task4\Task4.csproj", "{89058243-E2E5-4792-9895-5186551961A9}"
EndProject
Project("{9A19103F-16F7-4668-BE54-9A1E7A4F7556}") = "Task5", "Task5\Task5.csproj", "{235ADF2D-AA9B-48F5-9A7D-1AA1EFBBF2BF}"
EndProject
Project("{9A19103F-16F7-4668-BE54-9A1E7A4F7556}") = "Task6", "Task6\Task6.csproj", "{F8B78EFB-652D-43BE-A07D-3CB8DF8D57CE}"
EndProject
Project("{9A19103F-16F7-4668-BE54-9A1E7A4F7556}") = "Task7", "Task7\Task7.csproj", "{95204247-56F1-4909-9339-F207356A34C0}"
EndProject
Project("{FAE04EC0-301F-11D3-BF4B-00C04F79EFBC}") = "Task8", "Tesk8\Task8.csproj", "{F2467D8B-BB17-471D-ADC6-A7D85539FDCD}"
EndProject
Project("{FAE04EC0-301F-11D3-BF4B-00C04F79EFBC}") = "Task9", "Task9\Task9.csproj", "{F68A80A4-F532-485D-A030-4E01053DB75F}"
EndProject
Global
	GlobalSection(SolutionConfigurationPlatforms) = preSolution
		Debug|Any CPU = Debug|Any CPU
		Release|Any CPU = Release|Any CPU
	EndGlobalSection
	GlobalSection(ProjectConfigurationPlatforms) = postSolution
		{F12D1278-E302-4BE9-ADD1-A59E12847BA2}.Debug|Any CPU.ActiveCfg = Debug|Any CPU
		{F12D1278-E302-4BE9-ADD1-A59E12847BA2}.Debug|Any CPU.Build.0 = Debug|Any CPU
		{F12D1278-E302-4BE9-ADD1-A59E12847BA2}.Release|Any CPU.ActiveCfg = Release|Any CPU
		{F12D1278-E302-4BE9-ADD1-A59E12847BA2}.Release|Any CPU.Build.0 = Release|Any CPU
		{8FE53AF8-E855-4DFD-9C33-D239AAC885A1}.Debug|Any CPU.ActiveCfg = Debug|Any CPU
		{8FE53AF8-E855-4DFD-9C33-D239AAC885A1}.Debug|Any CPU.Build.0 = Debug|Any CPU
		{8FE53AF8-E855-4DFD-9C33-D239AAC885A1}.Release|Any CPU.ActiveCfg = Release|Any CPU
		{8FE53AF8-E855-4DFD-9C33-D239AAC885A1}.Release|Any CPU.Build.0 = Release|Any CPU
		{490E9E08-BA08-4286-A170-A4B83B17DF99}.Debug|Any CPU.ActiveCfg = Debug|Any CPU
		{490E9E08-BA08-4286-A170-A4B83B17DF99}.Debug|Any CPU.Build.0 = Debug|Any CPU
		{490E9E08-BA08-4286-A170-A4B83B17DF99}.Release|Any CPU.ActiveCfg = Release|Any CPU
		{490E9E08-BA08-4286-A170-A4B83B17DF99}.Release|Any CPU.Build.0 = Release|Any CPU
		{89058243-E2E5-4792-9895-5186551961A9}.Debug|Any CPU.ActiveCfg = Debug|Any CPU
		{89058243-E2E5-4792-9895-5186551961A9}.Debug|Any CPU.Build.0 = Debug|Any CPU
		{89058243-E2E5-4792-9895-5186551961A9}.Release|Any CPU.ActiveCfg = Release|Any CPU
		{89058243-E2E5-4792-9895-5186551961A9}.Release|Any CPU.Build.0 = Release|Any CPU
		{235ADF2D-AA9B-48F5-9A7D-1AA1EFBBF2BF}.Debug|Any CPU.ActiveCfg = Debug|Any CPU
		{235ADF2D-AA9B-48F5-9A7D-1AA1EFBBF2BF}.Debug|Any CPU.Build.0 = Debug|Any CPU
		{235ADF2D-AA9B-48F5-9A7D-1AA1EFBBF2BF}.Release|Any CPU.ActiveCfg = Release|Any CPU
		{235ADF2D-AA9B-48F5-9A7D-1AA1EFBBF2BF}.Release|Any CPU.Build.0 = Release|Any CPU
		{F8B78EFB-652D-43BE-A07D-3CB8DF8D57CE}.Debug|Any CPU.ActiveCfg = Debug|Any CPU
		{F8B78EFB-652D-43BE-A07D-3CB8DF8D57CE}.Debug|Any CPU.Build.0 = Debug|Any CPU
		{F8B78EFB-652D-43BE-A07D-3CB8DF8D57CE}.Release|Any CPU.ActiveCfg = Release|Any CPU
		{F8B78EFB-652D-43BE-A07D-3CB8DF8D57CE}.Release|Any CPU.Build.0 = Release|Any CPU
		{95204247-56F1-4909-9339-F207356A34C0}.Debug|Any CPU.ActiveCfg = Debug|Any CPU
		{95204247-56F1-4909-9339-F207356A34C0}.Debug|Any CPU.Build.0 = Debug|Any CPU
		{95204247-56F1-4909-9339-F207356A34C0}.Release|Any CPU.ActiveCfg = Release|Any CPU
		{95204247-56F1-4909-9339-F207356A34C0}.Release|Any CPU.Build.0 = Release|Any CPU
		{F2467D8B-BB17-471D-ADC6-A7D85539FDCD}.Debug|Any CPU.ActiveCfg = Debug|Any CPU
		{F2467D8B-BB17-471D-ADC6-A7D85539FDCD}.Debug|Any CPU.Build.0 = Debug|Any CPU
		{F2467D8B-BB17-471D-ADC6-A7D85539FDCD}.Release|Any CPU.ActiveCfg = Release|Any CPU
		{F2467D8B-BB17-471D-ADC6-A7D85539FDCD}.Release|Any CPU.Build.0 = Release|Any CPU
		{F68A80A4-F532-485D-A030-4E01053DB75F}.Debug|Any CPU.ActiveCfg = Debug|Any CPU
		{F68A80A4-F532-485D-A030-4E01053DB75F}.Debug|Any CPU.Build.0 = Debug|Any CPU
		{F68A80A4-F532-485D-A030-4E01053DB75F}.Release|Any CPU.ActiveCfg = Release|Any CPU
		{F68A80A4-F532-485D-A030-4E01053DB75F}.Release|Any CPU.Build.0 = Release|Any CPU
	EndGlobalSection
	GlobalSection(SolutionProperties) = preSolution
		HideSolutionNode = FALSE
	EndGlobalSection
	GlobalSection(ExtensibilityGlobals) = postSolution
		SolutionGuid = {495AF3F2-E8AF-4D48-BC5A-F0DBC927B2A6}
	EndGlobalSection
EndGlobal
